
Microsoft Visual Studio Solution File, Format Version 12.00
# Visual Studio Version 16
VisualStudioVersion = 16.0.30907.101
MinimumVisualStudioVersion = 10.0.40219.1
Project("{9A19103F-16F7-4668-BE54-9A1E7A4F7556}") = "AutoReservation", "AutoReservation\AutoReservation.csproj", "{35046B34-27C3-4182-AFAF-DCB6482537FE}"
EndProject
Project("{9A19103F-16F7-4668-BE54-9A1E7A4F7556}") = "Model", "Model\Model.csproj", "{19D441CF-B27F-4C06-A810-23B834F2CDDF}"
EndProject
Project("{9A19103F-16F7-4668-BE54-9A1E7A4F7556}") = "Service", "Service\Service.csproj", "{522C36C0-F0C7-41E1-9BCF-4C97D326D4AD}"
EndProject
Project("{FAE04EC0-301F-11D3-BF4B-00C04F79EFBC}") = "Repository", "Repository\Repository.csproj", "{83E1984B-9B3C-47FF-9A3D-3CF4837941D5}"
EndProject
Global
	GlobalSection(SolutionConfigurationPlatforms) = preSolution
		Debug|Any CPU = Debug|Any CPU
		Release|Any CPU = Release|Any CPU
	EndGlobalSection
	GlobalSection(ProjectConfigurationPlatforms) = postSolution
		{35046B34-27C3-4182-AFAF-DCB6482537FE}.Debug|Any CPU.ActiveCfg = Debug|Any CPU
		{35046B34-27C3-4182-AFAF-DCB6482537FE}.Debug|Any CPU.Build.0 = Debug|Any CPU
		{35046B34-27C3-4182-AFAF-DCB6482537FE}.Release|Any CPU.ActiveCfg = Release|Any CPU
		{35046B34-27C3-4182-AFAF-DCB6482537FE}.Release|Any CPU.Build.0 = Release|Any CPU
		{19D441CF-B27F-4C06-A810-23B834F2CDDF}.Debug|Any CPU.ActiveCfg = Debug|Any CPU
		{19D441CF-B27F-4C06-A810-23B834F2CDDF}.Debug|Any CPU.Build.0 = Debug|Any CPU
		{19D441CF-B27F-4C06-A810-23B834F2CDDF}.Release|Any CPU.ActiveCfg = Release|Any CPU
		{19D441CF-B27F-4C06-A810-23B834F2CDDF}.Release|Any CPU.Build.0 = Release|Any CPU
		{522C36C0-F0C7-41E1-9BCF-4C97D326D4AD}.Debug|Any CPU.ActiveCfg = Debug|Any CPU
		{522C36C0-F0C7-41E1-9BCF-4C97D326D4AD}.Debug|Any CPU.Build.0 = Debug|Any CPU
		{522C36C0-F0C7-41E1-9BCF-4C97D326D4AD}.Release|Any CPU.ActiveCfg = Release|Any CPU
		{522C36C0-F0C7-41E1-9BCF-4C97D326D4AD}.Release|Any CPU.Build.0 = Release|Any CPU
		{83E1984B-9B3C-47FF-9A3D-3CF4837941D5}.Debug|Any CPU.ActiveCfg = Debug|Any CPU
		{83E1984B-9B3C-47FF-9A3D-3CF4837941D5}.Debug|Any CPU.Build.0 = Debug|Any CPU
		{83E1984B-9B3C-47FF-9A3D-3CF4837941D5}.Release|Any CPU.ActiveCfg = Release|Any CPU
		{83E1984B-9B3C-47FF-9A3D-3CF4837941D5}.Release|Any CPU.Build.0 = Release|Any CPU
	EndGlobalSection
	GlobalSection(SolutionProperties) = preSolution
		HideSolutionNode = FALSE
	EndGlobalSection
	GlobalSection(ExtensibilityGlobals) = postSolution
		SolutionGuid = {EA209025-9A41-4BBA-BAA6-3BEC708C1A8B}
	EndGlobalSection
EndGlobal
